
Microsoft Visual Studio Solution File, Format Version 12.00
# Visual Studio Version 17
VisualStudioVersion = 17.5.33530.505
MinimumVisualStudioVersion = 10.0.40219.1
Project("{9A19103F-16F7-4668-BE54-9A1E7A4F7556}") = "Logical Name and Clock", "Logical Name and Clock\Logical Name and Clock.csproj", "{61DE9D3C-3505-4556-8C17-1C34AB856B63}"
EndProject
Project("{9A19103F-16F7-4668-BE54-9A1E7A4F7556}") = "CLK", "..\Time Request (Functional)\MeterCommunication(Clock)\CLK.csproj", "{2734FE6C-A552-4502-905A-1D932708C5D0}"
EndProject
Project("{9A19103F-16F7-4668-BE54-9A1E7A4F7556}") = "LO", "..\Logical Name Request (Functional)\LO\LO.csproj", "{4A3B5CC2-75E3-4324-8F33-C8E65AE59CA6}"
EndProject
Global
	GlobalSection(SolutionConfigurationPlatforms) = preSolution
		Debug|Any CPU = Debug|Any CPU
		Release|Any CPU = Release|Any CPU
	EndGlobalSection
	GlobalSection(ProjectConfigurationPlatforms) = postSolution
		{61DE9D3C-3505-4556-8C17-1C34AB856B63}.Debug|Any CPU.ActiveCfg = Debug|Any CPU
		{61DE9D3C-3505-4556-8C17-1C34AB856B63}.Debug|Any CPU.Build.0 = Debug|Any CPU
		{61DE9D3C-3505-4556-8C17-1C34AB856B63}.Release|Any CPU.ActiveCfg = Release|Any CPU
		{61DE9D3C-3505-4556-8C17-1C34AB856B63}.Release|Any CPU.Build.0 = Release|Any CPU
		{2734FE6C-A552-4502-905A-1D932708C5D0}.Debug|Any CPU.ActiveCfg = Debug|Any CPU
		{2734FE6C-A552-4502-905A-1D932708C5D0}.Debug|Any CPU.Build.0 = Debug|Any CPU
		{2734FE6C-A552-4502-905A-1D932708C5D0}.Release|Any CPU.ActiveCfg = Release|Any CPU
		{2734FE6C-A552-4502-905A-1D932708C5D0}.Release|Any CPU.Build.0 = Release|Any CPU
		{4A3B5CC2-75E3-4324-8F33-C8E65AE59CA6}.Debug|Any CPU.ActiveCfg = Debug|Any CPU
		{4A3B5CC2-75E3-4324-8F33-C8E65AE59CA6}.Debug|Any CPU.Build.0 = Debug|Any CPU
		{4A3B5CC2-75E3-4324-8F33-C8E65AE59CA6}.Release|Any CPU.ActiveCfg = Release|Any CPU
		{4A3B5CC2-75E3-4324-8F33-C8E65AE59CA6}.Release|Any CPU.Build.0 = Release|Any CPU
	EndGlobalSection
	GlobalSection(SolutionProperties) = preSolution
		HideSolutionNode = FALSE
	EndGlobalSection
	GlobalSection(ExtensibilityGlobals) = postSolution
		SolutionGuid = {CE3924D2-F910-407F-86E5-D1978D32B4D2}
	EndGlobalSection
EndGlobal
